<?xml version="1.0" encoding="utf-8"?>
<Project ToolsVersion="4.0" xmlns="http://schemas.microsoft.com/developer/msbuild/2003">
  <ItemGroup>
    <Filter Include="Archivos de origen">
      <UniqueIdentifier>{4FC737F1-C7A5-4376-A066-2A32D752A2FF}</UniqueIdentifier>
      <Extensions>cpp;c;cc;cxx;c++;cppm;ixx;def;odl;idl;hpj;bat;asm;asmx</Extensions>
    </Filter>
    <Filter Include="Archivos de encabezado">
      <UniqueIdentifier>{93995380-89BD-4b04-88EB-625FBE52EBFB}</UniqueIdentifier>
      <Extensions>h;hh;hpp;hxx;h++;hm;inl;inc;ipp;xsd</Extensions>
    </Filter>
    <Filter Include="Archivos de recursos">
      <UniqueIdentifier>{67DA6AB6-F800-4c08-8B7A-83BB121AAD01}</UniqueIdentifier>
      <Extensions>rc;ico;cur;bmp;dlg;rc2;rct;bin;rgs;gif;jpg;jpeg;jpe;resx;tiff;tif;png;wav;mfcribbon-ms</Extensions>
    </Filter>
  </ItemGroup>
  <ItemGroup>
    <ClCompile Include="src\1.-Empezando\1.1.-HolaVentana\hola_ventan.cpp">
      <Filter>Archivos de origen</Filter>
    </ClCompile>
    <ClCompile Include="glad.c">
      <Filter>Archivos de origen</Filter>
    </ClCompile>
    <ClCompile Include="src\1.-Empezando\1.2.-HolaTriangulo\hola_triangulo.cpp">
      <Filter>Archivos de origen</Filter>
    </ClCompile>
    <ClCompile Include="src\1.-Empezando\1.3.-Rectanculo\rectangulo.cpp">
      <Filter>Archivos de origen</Filter>
    </ClCompile>
    <ClCompile Include="src\1.-Empezando\1.4.-DosTriangulos\dos_triangulos.cpp">
      <Filter>Archivos de origen</Filter>
    </ClCompile>
    <ClCompile Include="src\1.-Empezando\1.5.-DosBuffers\dos_buffers.cpp">
      <Filter>Archivos de origen</Filter>
    </ClCompile>
    <ClCompile Include="src\1.-Empezando\1.6.-DosProgramasShader\dos_programas.cpp">
      <Filter>Archivos de origen</Filter>
    </ClCompile>
    <ClCompile Include="src\1.-Empezando\1.7.-Sombreadores\sombreadores.cpp">
      <Filter>Archivos de origen</Filter>
    </ClCompile>
    <ClCompile Include="src\1.-Empezando\1.8.-SombreadoColores\sombreador_color.cpp">
      <Filter>Archivos de origen</Filter>
    </ClCompile>
    <ClCompile Include="clases\Shader.cpp">
      <Filter>Archivos de origen</Filter>
    </ClCompile>
    <ClCompile Include="src\1.-Empezando\1.9.-ClaseSombreador\class_sombreador.cpp">
      <Filter>Archivos de origen</Filter>
    </ClCompile>
    <ClCompile Include="src\1.-Empezando\1.10.-TrianguloVolteado\triangulo_volteado.cpp">
      <Filter>Archivos de origen</Filter>
    </ClCompile>
    <ClCompile Include="src\1.-Empezando\1.11.-Desplazamiento\desplazamiento.cpp">
      <Filter>Archivos de origen</Filter>
    </ClCompile>
    <ClCompile Include="src\1.-Empezando\1.12.-Posision\posision.cpp">
      <Filter>Archivos de origen</Filter>
    </ClCompile>
    <ClCompile Include="src\1.-Empezando\1.13.-Texturas\texturas.cpp">
      <Filter>Archivos de origen</Filter>
    </ClCompile>
    <ClCompile Include="clases\stb_image.cpp">
      <Filter>Archivos de origen</Filter>
    </ClCompile>
    <ClCompile Include="src\1.-Empezando\1.14.-CombinarTexturas\texturas_combinadas.cpp">
      <Filter>Archivos de origen</Filter>
    </ClCompile>
    <ClCompile Include="src\1.-Empezando\1.15.-CambiarCara\combinar_cara.cpp">
      <Filter>Archivos de origen</Filter>
    </ClCompile>
    <ClCompile Include="src\1.-Empezando\1.16.-MetodosEnvoltura\metodos_envoltura.cpp">
      <Filter>Archivos de origen</Filter>
    </ClCompile>
    <ClCompile Include="src\1.-Empezando\1.17.-PixelesCentrales\pixeles_centrales.cpp">
      <Filter>Archivos de origen</Filter>
    </ClCompile>
    <ClCompile Include="src\1.-Empezando\1.18.-VariablesUniformes\variable_uniforme.cpp">
      <Filter>Archivos de origen</Filter>
    </ClCompile>
    <ClCompile Include="src\1.-Empezando\1.19.-Transformaciones\transformaciones.cpp">
      <Filter>Archivos de origen</Filter>
    </ClCompile>
    <ClCompile Include="src\1.-Empezando\1.20.-Ejercicio1\ejercicio1.cpp">
      <Filter>Archivos de origen</Filter>
    </ClCompile>
    <ClCompile Include="src\1.-Empezando\1.21.-Ejercico2\ejercicio2.cpp">
      <Filter>Archivos de origen</Filter>
    </ClCompile>
    <ClCompile Include="src\1.-Empezando\1.22.-SisitemaCordenadas\sistemas_cordenadas.cpp">
      <Filter>Archivos de origen</Filter>
    </ClCompile>
    <ClCompile Include="src\1.-Empezando\1.23.-MasCubos\mas_cubos.cpp">
      <Filter>Archivos de origen</Filter>
    </ClCompile>
    <ClCompile Include="src\1.-Empezando\1.24.-MasCubosEjercicio\mas_cubos_ejercicio.cpp">
      <Filter>Archivos de origen</Filter>
    </ClCompile>
    <ClCompile Include="src\1.-Empezando\1.25.-Camara\camara_a.cpp">
      <Filter>Archivos de origen</Filter>
    </ClCompile>
    <ClCompile Include="src\1.-Empezando\1.26.-CamaraVuelta\camara_vuelta.cpp">
      <Filter>Archivos de origen</Filter>
    </ClCompile>
    <ClCompile Include="clases\Camara.cpp">
      <Filter>Archivos de origen</Filter>
    </ClCompile>
    <ClCompile Include="src\1.-Empezando\1.27.-ClassCamara\camara_class.cpp">
      <Filter>Archivos de origen</Filter>
    </ClCompile>
    <ClCompile Include="src\1.-Empezando\1.28.-CamaraEjercicio\camara_ejercicio.cpp">
      <Filter>Archivos de origen</Filter>
    </ClCompile>
    <ClCompile Include="src\2.-Iluminacion\2.1.-Color\color.cpp">
      <Filter>Archivos de origen</Filter>
    </ClCompile>
    <ClCompile Include="src\2.-Iluminacion\2.2.-IluminacionAmbiental\iluminacion_ambiental.cpp">
      <Filter>Archivos de origen</Filter>
    </ClCompile>
    <ClCompile Include="src\2.-Iluminacion\2.3.-IluminacionDifusa\iluminacion_difusa.cpp">
      <Filter>Archivos de origen</Filter>
    </ClCompile>
    <ClCompile Include="src\2.-Iluminacion\2.4.-IluminacionEspecular\iluminacion_especular.cpp">
      <Filter>Archivos de origen</Filter>
    </ClCompile>
    <ClCompile Include="src\2.-Iluminacion\2.5.-IluminacionEjercicio1\iluminacion_ejercicio1.cpp">
      <Filter>Archivos de origen</Filter>
    </ClCompile>
    <ClCompile Include="src\2.-Iluminacion\2.6.-IluminacionEjercicio2\iluminacion_ejercicio2.cpp">
      <Filter>Archivos de origen</Filter>
    </ClCompile>
    <ClCompile Include="src\2.-Iluminacion\2.7-IluminacionEjercicio3\iluminacion_ejercicio3.cpp">
      <Filter>Archivos de origen</Filter>
    </ClCompile>
    <ClCompile Include="src\2.-Iluminacion\2.8.-Materiales\materiales.cpp">
      <Filter>Archivos de origen</Filter>
    </ClCompile>
    <ClCompile Include="src\2.-Iluminacion\2.9.-MaterialEjercicio\materiales_ejercicio.cpp">
      <Filter>Archivos de origen</Filter>
    </ClCompile>
    <ClCompile Include="src\2.-Iluminacion\2.10..-MapaIluminacion\mapa_iluminacion.cpp">
      <Filter>Archivos de origen</Filter>
    </ClCompile>
    <ClCompile Include="src\2.-Iluminacion\2.11.-MapaEspecular\mapa_especular.cpp">
      <Filter>Archivos de origen</Filter>
    </ClCompile>
    <ClCompile Include="src\2.-Iluminacion\2.12.-MapaEspecularEj1\mapa_especular_ejer1.cpp">
      <Filter>Archivos de origen</Filter>
    </ClCompile>
    <ClCompile Include="src\2.-Iluminacion\2.13.-MapaEspecularEj2\mapa_especular_ejer2.cpp">
      <Filter>Archivos de origen</Filter>
    </ClCompile>
    <ClCompile Include="src\2.-Iluminacion\2.14.-LuzDirecional\luz_direcional.cpp">
      <Filter>Archivos de origen</Filter>
    </ClCompile>
    <ClCompile Include="src\2.-Iluminacion\2.15.-LuzPuntual\luz_puntual.cpp">
      <Filter>Archivos de origen</Filter>
    </ClCompile>
    <ClCompile Include="src\2.-Iluminacion\2.16.-LuzFlash\luz_flash.cpp">
      <Filter>Archivos de origen</Filter>
    </ClCompile>
    <ClCompile Include="src\2.-Iluminacion\2.17.-LuzFlashSuaves\luz_flash_suves.cpp">
      <Filter>Archivos de origen</Filter>
    </ClCompile>
    <ClCompile Include="src\2.-Iluminacion\2.18.-LucesMultiples\luces_multiples.cpp">
      <Filter>Archivos de origen</Filter>
    </ClCompile>
    <ClCompile Include="src\2.-Iluminacion\2.19.-LucesMultiplesEjercicio\luces_multiples_ejercicio.cpp">
      <Filter>Archivos de origen</Filter>
    </ClCompile>
    <ClCompile Include="clases\Mesh.cpp">
      <Filter>Archivos de origen</Filter>
    </ClCompile>
    <ClCompile Include="src\3.-CargaModelo\3.1.-Assimp\modelo.cpp">
      <Filter>Archivos de origen</Filter>
    </ClCompile>
    <ClCompile Include="clases\Model.cpp">
      <Filter>Archivos de origen</Filter>
    </ClCompile>
    <ClCompile Include="src\4.-OpenGLAvanzado\4.1.-PruebaProfundidad\pruebas_profundiad.cpp">
      <Filter>Archivos de origen</Filter>
    </ClCompile>
    <ClCompile Include="src\4.-OpenGLAvanzado\4.2.-StencilTesting\stencil_testing.cpp">
      <Filter>Archivos de origen</Filter>
    </ClCompile>
    <ClCompile Include="src\4.-OpenGLAvanzado\4.3.-Mezcla\descarte.cpp">
      <Filter>Archivos de origen</Filter>
    </ClCompile>
    <ClCompile Include="src\4.-OpenGLAvanzado\4.4.-MezclaDos\mezcla.cpp">
      <Filter>Archivos de origen</Filter>
    </ClCompile>
    <ClCompile Include="src\4.-OpenGLAvanzado\4.5.-FaceCalling\face_calling.cpp">
      <Filter>Archivos de origen</Filter>
    </ClCompile>
    <ClCompile Include="src\4.-OpenGLAvanzado\4.6.-BufferCuadros\buffer_cuadros.cpp">
      <Filter>Archivos de origen</Filter>
    </ClCompile>
    <ClCompile Include="src\4.-OpenGLAvanzado\4.7.-BufferCuadrosEjercicio\buffer_cuadros_ejercicio.cpp">
      <Filter>Archivos de origen</Filter>
    </ClCompile>
    <ClCompile Include="src\4.-OpenGLAvanzado\4.8.-CubeMaps\maps_cubicos.cpp">
      <Filter>Archivos de origen</Filter>
    </ClCompile>
    <ClCompile Include="src\4.-OpenGLAvanzado\4.9.-CubeMapsReflexion\maps_cubicos_reflexion.cpp">
      <Filter>Archivos de origen</Filter>
    </ClCompile>
    <ClCompile Include="src\4.-OpenGLAvanzado\4.10.-CubeMapsRefraccion\maps_cubicos_reflexion.cpp">
      <Filter>Archivos de origen</Filter>
    </ClCompile>
    <ClCompile Include="src\4.-OpenGLAvanzado\4.11.-GLSLavanzado\GLSL_avanzado.cpp">
      <Filter>Archivos de origen</Filter>
    </ClCompile>
    <ClCompile Include="src\4.-OpenGLAvanzado\4.12.-GLSLavanzadoEjemplo\GLSL_avanzado_ejemplo.cpp">
      <Filter>Archivos de origen</Filter>
    </ClCompile>
    <ClCompile Include="src\4.-OpenGLAvanzado\4.13.-SombreadorGeometria\sombreador_geometry.cpp">
      <Filter>Archivos de origen</Filter>
    </ClCompile>
  </ItemGroup>
  <ItemGroup>
    <ClInclude Include="clases\Shader.h">
      <Filter>Archivos de encabezado</Filter>
    </ClInclude>
    <ClInclude Include="clases\stb_image.h">
      <Filter>Archivos de encabezado</Filter>
    </ClInclude>
    <ClInclude Include="clases\Camara.h">
      <Filter>Archivos de encabezado</Filter>
    </ClInclude>
    <ClInclude Include="clases\Mesh.h">
      <Filter>Archivos de encabezado</Filter>
    </ClInclude>
    <ClInclude Include="clases\Model.h">
      <Filter>Archivos de encabezado</Filter>
    </ClInclude>
  </ItemGroup>
  <ItemGroup>
    <None Include="src\1.-Empezando\1.9.-ClaseSombreador\shader.vs" />
    <None Include="src\1.-Empezando\1.9.-ClaseSombreador\shader.fs" />
    <None Include="src\1.-Empezando\1.10.-TrianguloVolteado\shader.fs" />
    <None Include="src\1.-Empezando\1.10.-TrianguloVolteado\shader.vs" />
    <None Include="src\1.-Empezando\1.11.-Desplazamiento\shader.fs" />
    <None Include="src\1.-Empezando\1.11.-Desplazamiento\shader.vs" />
    <None Include="src\1.-Empezando\1.12.-Posision\shader.fs" />
    <None Include="src\1.-Empezando\1.12.-Posision\shader.vs" />
    <None Include="src\1.-Empezando\1.13.-Texturas\shader.fs" />
    <None Include="src\1.-Empezando\1.13.-Texturas\shader.vs" />
    <None Include="src\1.-Empezando\1.14.-CombinarTexturas\shader.frag" />
    <None Include="src\1.-Empezando\1.14.-CombinarTexturas\shader.vert" />
    <None Include="src\1.-Empezando\1.15.-CambiarCara\shader.frag" />
    <None Include="src\1.-Empezando\1.15.-CambiarCara\shader.vert" />
    <None Include="src\1.-Empezando\1.16.-MetodosEnvoltura\shader.frag" />
    <None Include="src\1.-Empezando\1.16.-MetodosEnvoltura\shader.vert" />
    <None Include="src\1.-Empezando\1.17.-PixelesCentrales\shader.frag" />
    <None Include="src\1.-Empezando\1.17.-PixelesCentrales\shader.vert" />
    <None Include="src\1.-Empezando\1.18.-VariablesUniformes\shader.frag" />
    <None Include="src\1.-Empezando\1.18.-VariablesUniformes\shader.vert" />
    <None Include="src\1.-Empezando\1.19.-Transformaciones\shader.vert" />
    <None Include="src\1.-Empezando\1.19.-Transformaciones\shader.frag" />
    <None Include="src\1.-Empezando\1.20.-Ejercicio1\shader.frag" />
    <None Include="src\1.-Empezando\1.20.-Ejercicio1\shader.vert" />
    <None Include="src\1.-Empezando\1.21.-Ejercico2\shader.frag" />
    <None Include="src\1.-Empezando\1.21.-Ejercico2\shader.vert" />
    <None Include="src\1.-Empezando\1.22.-SisitemaCordenadas\shader.vert" />
    <None Include="src\1.-Empezando\1.22.-SisitemaCordenadas\shader.frag" />
    <None Include="src\1.-Empezando\1.23.-MasCubos\shader.frag" />
    <None Include="src\1.-Empezando\1.23.-MasCubos\shader.vert" />
    <None Include="src\1.-Empezando\1.24.-MasCubosEjercicio\shader.frag" />
    <None Include="src\1.-Empezando\1.24.-MasCubosEjercicio\shader.vert" />
    <None Include="src\1.-Empezando\1.25.-Camara\shader.frag" />
    <None Include="src\1.-Empezando\1.25.-Camara\shader.vert" />
    <None Include="src\1.-Empezando\1.26.-CamaraVuelta\shader.frag" />
    <None Include="src\1.-Empezando\1.26.-CamaraVuelta\shader.vert" />
    <None Include="src\1.-Empezando\1.27.-ClassCamara\shader.frag" />
    <None Include="src\1.-Empezando\1.27.-ClassCamara\shader.vert" />
    <None Include="src\1.-Empezando\1.28.-CamaraEjercicio\shader.frag" />
    <None Include="src\1.-Empezando\1.28.-CamaraEjercicio\shader.vert" />
    <None Include="src\2.-Iluminacion\2.1.-Color\cubo.frag" />
    <None Include="src\2.-Iluminacion\2.1.-Color\cubo.vert" />
    <None Include="src\2.-Iluminacion\2.1.-Color\luz.vert" />
    <None Include="src\2.-Iluminacion\2.1.-Color\luz.frag" />
    <None Include="src\2.-Iluminacion\2.2.-IluminacionAmbiental\cubo.frag" />
    <None Include="src\2.-Iluminacion\2.2.-IluminacionAmbiental\luz.frag" />
    <None Include="src\2.-Iluminacion\2.2.-IluminacionAmbiental\luz.vert" />
    <None Include="src\2.-Iluminacion\2.2.-IluminacionAmbiental\cubo.vert" />
    <None Include="src\2.-Iluminacion\2.3.-IluminacionDifusa\cubo.frag" />
    <None Include="src\2.-Iluminacion\2.3.-IluminacionDifusa\cubo.vert" />
    <None Include="src\2.-Iluminacion\2.3.-IluminacionDifusa\luz.frag" />
    <None Include="src\2.-Iluminacion\2.3.-IluminacionDifusa\luz.vert" />
    <None Include="src\2.-Iluminacion\2.4.-IluminacionEspecular\cubo.frag" />
    <None Include="src\2.-Iluminacion\2.4.-IluminacionEspecular\cubo.vert" />
    <None Include="src\2.-Iluminacion\2.4.-IluminacionEspecular\luz.frag" />
    <None Include="src\2.-Iluminacion\2.4.-IluminacionEspecular\luz.vert" />
    <None Include="src\2.-Iluminacion\2.5.-IluminacionEjercicio1\cubo.frag" />
    <None Include="src\2.-Iluminacion\2.5.-IluminacionEjercicio1\cubo.vert" />
    <None Include="src\2.-Iluminacion\2.5.-IluminacionEjercicio1\luz.frag" />
    <None Include="src\2.-Iluminacion\2.5.-IluminacionEjercicio1\luz.vert" />
    <None Include="src\2.-Iluminacion\2.6.-IluminacionEjercicio2\cubo.frag" />
    <None Include="src\2.-Iluminacion\2.6.-IluminacionEjercicio2\cubo.vert" />
    <None Include="src\2.-Iluminacion\2.6.-IluminacionEjercicio2\luz.vert" />
    <None Include="src\2.-Iluminacion\2.6.-IluminacionEjercicio2\luz.frag" />
    <None Include="src\2.-Iluminacion\2.7-IluminacionEjercicio3\cubo.frag" />
    <None Include="src\2.-Iluminacion\2.7-IluminacionEjercicio3\cubo.vert" />
    <None Include="src\2.-Iluminacion\2.7-IluminacionEjercicio3\luz.frag" />
    <None Include="src\2.-Iluminacion\2.7-IluminacionEjercicio3\luz.vert" />
    <None Include="src\2.-Iluminacion\2.8.-Materiales\cubo.frag" />
    <None Include="src\2.-Iluminacion\2.8.-Materiales\cubo.vert" />
    <None Include="src\2.-Iluminacion\2.8.-Materiales\luz.vert" />
    <None Include="src\2.-Iluminacion\2.8.-Materiales\luz.frag" />
    <None Include="src\2.-Iluminacion\2.9.-MaterialEjercicio\cubo.frag" />
    <None Include="src\2.-Iluminacion\2.9.-MaterialEjercicio\cubo.vert" />
    <None Include="src\2.-Iluminacion\2.9.-MaterialEjercicio\luz.frag" />
    <None Include="src\2.-Iluminacion\2.9.-MaterialEjercicio\luz.vert" />
    <None Include="src\2.-Iluminacion\2.10..-MapaIluminacion\cubo.frag" />
    <None Include="src\2.-Iluminacion\2.10..-MapaIluminacion\cubo.vert" />
    <None Include="src\2.-Iluminacion\2.10..-MapaIluminacion\luz.frag" />
    <None Include="src\2.-Iluminacion\2.10..-MapaIluminacion\luz.vert" />
    <None Include="src\2.-Iluminacion\2.11.-MapaEspecular\cubo.frag" />
    <None Include="src\2.-Iluminacion\2.11.-MapaEspecular\cubo.vert" />
    <None Include="src\2.-Iluminacion\2.11.-MapaEspecular\luz.frag" />
    <None Include="src\2.-Iluminacion\2.11.-MapaEspecular\luz.vert" />
    <None Include="src\2.-Iluminacion\2.12.-MapaEspecularEj1\luz.vert" />
    <None Include="src\2.-Iluminacion\2.12.-MapaEspecularEj1\luz.frag" />
    <None Include="src\2.-Iluminacion\2.12.-MapaEspecularEj1\cubo.vert" />
    <None Include="src\2.-Iluminacion\2.12.-MapaEspecularEj1\cubo.frag" />
    <None Include="src\2.-Iluminacion\2.13.-MapaEspecularEj2\cubo.frag" />
    <None Include="src\2.-Iluminacion\2.13.-MapaEspecularEj2\cubo.vert" />
    <None Include="src\2.-Iluminacion\2.13.-MapaEspecularEj2\luz.frag" />
    <None Include="src\2.-Iluminacion\2.13.-MapaEspecularEj2\luz.vert" />
    <None Include="src\2.-Iluminacion\2.14.-LuzDirecional\luz.vert" />
    <None Include="src\2.-Iluminacion\2.14.-LuzDirecional\luz.frag" />
    <None Include="src\2.-Iluminacion\2.14.-LuzDirecional\cubo.vert" />
    <None Include="src\2.-Iluminacion\2.14.-LuzDirecional\cubo.frag" />
    <None Include="src\2.-Iluminacion\2.15.-LuzPuntual\cubo.frag" />
    <None Include="src\2.-Iluminacion\2.15.-LuzPuntual\cubo.vert" />
    <None Include="src\2.-Iluminacion\2.15.-LuzPuntual\luz.frag" />
    <None Include="src\2.-Iluminacion\2.15.-LuzPuntual\luz.vert" />
    <None Include="src\2.-Iluminacion\2.16.-LuzFlash\cubo.frag" />
    <None Include="src\2.-Iluminacion\2.16.-LuzFlash\luz.frag" />
    <None Include="src\2.-Iluminacion\2.16.-LuzFlash\cubo.vert" />
    <None Include="src\2.-Iluminacion\2.16.-LuzFlash\luz.vert" />
    <None Include="src\2.-Iluminacion\2.17.-LuzFlashSuaves\luz.vert" />
    <None Include="src\2.-Iluminacion\2.17.-LuzFlashSuaves\luz.frag" />
    <None Include="src\2.-Iluminacion\2.17.-LuzFlashSuaves\cubo.vert" />
    <None Include="src\2.-Iluminacion\2.17.-LuzFlashSuaves\cubo.frag" />
    <None Include="src\2.-Iluminacion\2.18.-LucesMultiples\cubo.vert" />
    <None Include="src\2.-Iluminacion\2.18.-LucesMultiples\luz.frag" />
    <None Include="src\2.-Iluminacion\2.18.-LucesMultiples\luz.vert" />
    <None Include="src\2.-Iluminacion\2.18.-LucesMultiples\cubo.frag" />
    <None Include="src\2.-Iluminacion\2.19.-LucesMultiplesEjercicio\luz.vert" />
    <None Include="src\2.-Iluminacion\2.19.-LucesMultiplesEjercicio\luz.frag" />
    <None Include="src\2.-Iluminacion\2.19.-LucesMultiplesEjercicio\cubo.vert" />
    <None Include="src\2.-Iluminacion\2.19.-LucesMultiplesEjercicio\cubo.frag" />
    <None Include="assimp-vc143-mtd.dll" />
    <None Include="objetos\backpack\backpack.mtl" />
    <None Include="src\3.-CargaModelo\3.1.-Assimp\modelo.vert" />
    <None Include="src\3.-CargaModelo\3.1.-Assimp\modelo.frag" />
    <None Include="src\4.-OpenGLAvanzado\4.1.-PruebaProfundidad\profundidad.vert" />
    <None Include="src\4.-OpenGLAvanzado\4.1.-PruebaProfundidad\profundidad.frag" />
    <None Include="src\4.-OpenGLAvanzado\4.2.-StencilTesting\profundidad.frag" />
    <None Include="src\4.-OpenGLAvanzado\4.2.-StencilTesting\profundidad.vert" />
    <None Include="src\4.-OpenGLAvanzado\4.2.-StencilTesting\shaderSingleColor.frag" />
    <None Include="src\4.-OpenGLAvanzado\4.3.-Mezcla\mezcla.frag" />
    <None Include="src\4.-OpenGLAvanzado\4.3.-Mezcla\mezcla.vert" />
    <None Include="src\4.-OpenGLAvanzado\4.4.-MezclaDos\mezcla.frag" />
    <None Include="src\4.-OpenGLAvanzado\4.4.-MezclaDos\mezcla.vert" />
    <None Include="src\4.-OpenGLAvanzado\4.5.-FaceCalling\calling.frag" />
    <None Include="src\4.-OpenGLAvanzado\4.5.-FaceCalling\calling.vert" />
    <None Include="src\4.-OpenGLAvanzado\4.6.-BufferCuadros\framebuffer.frag" />
    <None Include="src\4.-OpenGLAvanzado\4.6.-BufferCuadros\framebuffer.vert" />
    <None Include="src\4.-OpenGLAvanzado\4.6.-BufferCuadros\framebuffer_screen.frag" />
    <None Include="src\4.-OpenGLAvanzado\4.6.-BufferCuadros\framebuffer_screen.vert" />
    <None Include="src\4.-OpenGLAvanzado\4.7.-BufferCuadrosEjercicio\framebuffer.frag" />
    <None Include="src\4.-OpenGLAvanzado\4.7.-BufferCuadrosEjercicio\framebuffer.vert" />
    <None Include="src\4.-OpenGLAvanzado\4.7.-BufferCuadrosEjercicio\framebuffer_screen.frag" />
    <None Include="src\4.-OpenGLAvanzado\4.7.-BufferCuadrosEjercicio\framebuffer_screen.vert" />
    <None Include="src\4.-OpenGLAvanzado\4.8.-CubeMaps\cubo.frag" />
    <None Include="src\4.-OpenGLAvanzado\4.8.-CubeMaps\cubo.vert" />
    <None Include="src\4.-OpenGLAvanzado\4.8.-CubeMaps\skybox.frag" />
    <None Include="src\4.-OpenGLAvanzado\4.8.-CubeMaps\skybox.vert" />
    <None Include="src\4.-OpenGLAvanzado\4.9.-CubeMapsReflexion\cubo.frag" />
    <None Include="src\4.-OpenGLAvanzado\4.9.-CubeMapsReflexion\cubo.vert" />
    <None Include="src\4.-OpenGLAvanzado\4.9.-CubeMapsReflexion\skybox.frag" />
    <None Include="src\4.-OpenGLAvanzado\4.9.-CubeMapsReflexion\skybox.vert" />
    <None Include="src\4.-OpenGLAvanzado\4.10.-CubeMapsRefraccion\cubo.frag" />
    <None Include="src\4.-OpenGLAvanzado\4.10.-CubeMapsRefraccion\cubo.vert" />
    <None Include="src\4.-OpenGLAvanzado\4.10.-CubeMapsRefraccion\skybox.frag" />
    <None Include="src\4.-OpenGLAvanzado\4.10.-CubeMapsRefraccion\skybox.vert" />
    <None Include="src\4.-OpenGLAvanzado\4.11.-GLSLavanzado\calling.frag" />
    <None Include="src\4.-OpenGLAvanzado\4.11.-GLSLavanzado\calling.vert" />
    <None Include="src\4.-OpenGLAvanzado\4.12.-GLSLavanzadoEjemplo\rojo.frag" />
    <None Include="src\4.-OpenGLAvanzado\4.12.-GLSLavanzadoEjemplo\glsl_ejm.vert" />
    <None Include="src\4.-OpenGLAvanzado\4.12.-GLSLavanzadoEjemplo\verde.frag" />
    <None Include="src\4.-OpenGLAvanzado\4.12.-GLSLavanzadoEjemplo\azul.frag" />
    <None Include="src\4.-OpenGLAvanzado\4.12.-GLSLavanzadoEjemplo\amarillo.frag" />
    <None Include="src\4.-OpenGLAvanzado\4.13.-SombreadorGeometria\geometry.frag" />
    <None Include="src\4.-OpenGLAvanzado\4.13.-SombreadorGeometria\geometry.vert" />
    <None Include="src\4.-OpenGLAvanzado\4.13.-SombreadorGeometria\geometry.geom" />
  </ItemGroup>
  <ItemGroup>
    <Image Include="texturas\container.jpg">
      <Filter>Archivos de recursos</Filter>
    </Image>
    <Image Include="texturas\awesomeface.png">
      <Filter>Archivos de recursos</Filter>
    </Image>
    <Image Include="texturas\container2.png">
      <Filter>Archivos de recursos</Filter>
    </Image>
    <Image Include="texturas\container2_specular.png">
      <Filter>Archivos de recursos</Filter>
    </Image>
    <Image Include="texturas\lighting_maps_specular_color.png">
      <Filter>Archivos de recursos</Filter>
    </Image>
    <Image Include="texturas\matrix.jpg">
      <Filter>Archivos de recursos</Filter>
    </Image>
    <Image Include="objetos\backpack\ao.jpg">
      <Filter>Archivos de recursos</Filter>
    </Image>
    <Image Include="objetos\backpack\diffuse.jpg">
      <Filter>Archivos de recursos</Filter>
    </Image>
    <Image Include="objetos\backpack\normal.png">
      <Filter>Archivos de recursos</Filter>
    </Image>
    <Image Include="objetos\backpack\roughness.jpg">
      <Filter>Archivos de recursos</Filter>
    </Image>
    <Image Include="objetos\backpack\specular.jpg">
      <Filter>Archivos de recursos</Filter>
    </Image>
    <Image Include="texturas\marble.jpg">
      <Filter>Archivos de recursos</Filter>
    </Image>
    <Image Include="texturas\metal.png">
      <Filter>Archivos de recursos</Filter>
    </Image>
    <Image Include="texturas\grass.png">
      <Filter>Archivos de recursos</Filter>
    </Image>
    <Image Include="texturas\blending_transparent_window.png">
      <Filter>Archivos de recursos</Filter>
    </Image>
    <Image Include="texturas\skyboxPrueba\skybox1\1.png">
      <Filter>Archivos de recursos</Filter>
    </Image>
    <Image Include="texturas\skyboxPrueba\skybox1\2.png">
      <Filter>Archivos de recursos</Filter>
    </Image>
    <Image Include="texturas\skyboxPrueba\skybox1\3.png">
      <Filter>Archivos de recursos</Filter>
    </Image>
    <Image Include="texturas\skyboxPrueba\skybox1\4.png">
      <Filter>Archivos de recursos</Filter>
    </Image>
    <Image Include="texturas\skyboxPrueba\skybox1\5.png">
      <Filter>Archivos de recursos</Filter>
    </Image>
    <Image Include="texturas\skyboxPrueba\skybox1\6.png">
      <Filter>Archivos de recursos</Filter>
    </Image>
  </ItemGroup>
  <ItemGroup>
    <Text Include="objetos\backpack\source_attribution.txt" />
  </ItemGroup>
</Project>